
Microsoft Visual Studio Solution File, Format Version 12.00
# Visual Studio Version 17
VisualStudioVersion = 17.7.34018.315
MinimumVisualStudioVersion = 10.0.40219.1
Project("{9A19103F-16F7-4668-BE54-9A1E7A4F7556}") = "ParcelSortingTARgv22", "ParcelSortingTARgv22\ParcelSortingTARgv22.csproj", "{A25CE382-B82B-43D2-AA81-4FD6CA32F3B5}"
EndProject
Project("{FAE04EC0-301F-11D3-BF4B-00C04F79EFBC}") = "ParcelSorting.Test", "ParcelSorting.Test\ParcelSorting.Test.csproj", "{35BA942F-D50F-4E45-B703-C782F8FB63FD}"
EndProject
Global
	GlobalSection(SolutionConfigurationPlatforms) = preSolution
		Debug|Any CPU = Debug|Any CPU
		Release|Any CPU = Release|Any CPU
	EndGlobalSection
	GlobalSection(ProjectConfigurationPlatforms) = postSolution
		{A25CE382-B82B-43D2-AA81-4FD6CA32F3B5}.Debug|Any CPU.ActiveCfg = Debug|Any CPU
		{A25CE382-B82B-43D2-AA81-4FD6CA32F3B5}.Debug|Any CPU.Build.0 = Debug|Any CPU
		{A25CE382-B82B-43D2-AA81-4FD6CA32F3B5}.Release|Any CPU.ActiveCfg = Release|Any CPU
		{A25CE382-B82B-43D2-AA81-4FD6CA32F3B5}.Release|Any CPU.Build.0 = Release|Any CPU
		{35BA942F-D50F-4E45-B703-C782F8FB63FD}.Debug|Any CPU.ActiveCfg = Debug|Any CPU
		{35BA942F-D50F-4E45-B703-C782F8FB63FD}.Debug|Any CPU.Build.0 = Debug|Any CPU
		{35BA942F-D50F-4E45-B703-C782F8FB63FD}.Release|Any CPU.ActiveCfg = Release|Any CPU
		{35BA942F-D50F-4E45-B703-C782F8FB63FD}.Release|Any CPU.Build.0 = Release|Any CPU
	EndGlobalSection
	GlobalSection(SolutionProperties) = preSolution
		HideSolutionNode = FALSE
	EndGlobalSection
	GlobalSection(ExtensibilityGlobals) = postSolution
		SolutionGuid = {805C7AEC-6818-4EFF-8FC8-5E89098FBC73}
	EndGlobalSection
EndGlobal
